// !$*UTF8*$!
{
	archiveVersion = 1;
	classes = {
	};
	objectVersion = 46;
	objects = {

/* Begin PBXBuildFile section */
		02D8CA1416FFCF5E00402CE9 /* UIKit.framework in Frameworks */ = {isa = PBXBuildFile; fileRef = 02D8CA1316FFCF5E00402CE9 /* UIKit.framework */; };
		02D8CA1616FFCF5E00402CE9 /* Foundation.framework in Frameworks */ = {isa = PBXBuildFile; fileRef = 02D8CA1516FFCF5E00402CE9 /* Foundation.framework */; };
		02D8CA1816FFCF5E00402CE9 /* CoreGraphics.framework in Frameworks */ = {isa = PBXBuildFile; fileRef = 02D8CA1716FFCF5E00402CE9 /* CoreGraphics.framework */; };
		02D8CA1E16FFCF5E00402CE9 /* InfoPlist.strings in Resources */ = {isa = PBXBuildFile; fileRef = 02D8CA1C16FFCF5E00402CE9 /* InfoPlist.strings */; };
		02D8CA2016FFCF5E00402CE9 /* main.m in Sources */ = {isa = PBXBuildFile; fileRef = 02D8CA1F16FFCF5E00402CE9 /* main.m */; };
		02D8CA2416FFCF5E00402CE9 /* testTableViewControllerAppDelegate.m in Sources */ = {isa = PBXBuildFile; fileRef = 02D8CA2316FFCF5E00402CE9 /* testTableViewControllerAppDelegate.m */; };
		02D8CA2616FFCF5E00402CE9 /* Default.png in Resources */ = {isa = PBXBuildFile; fileRef = 02D8CA2516FFCF5E00402CE9 /* Default.png */; };
		02D8CA2816FFCF5E00402CE9 /* Default@2x.png in Resources */ = {isa = PBXBuildFile; fileRef = 02D8CA2716FFCF5E00402CE9 /* Default@2x.png */; };
		02D8CA2A16FFCF5E00402CE9 /* Default-568h@2x.png in Resources */ = {isa = PBXBuildFile; fileRef = 02D8CA2916FFCF5E00402CE9 /* Default-568h@2x.png */; };
		02D8CA2D16FFCF5E00402CE9 /* MainStoryboard.storyboard in Resources */ = {isa = PBXBuildFile; fileRef = 02D8CA2B16FFCF5E00402CE9 /* MainStoryboard.storyboard */; };
		02D8CA3016FFCF5E00402CE9 /* testTableViewControllerViewController.m in Sources */ = {isa = PBXBuildFile; fileRef = 02D8CA2F16FFCF5E00402CE9 /* testTableViewControllerViewController.m */; };
/* End PBXBuildFile section */

/* Begin PBXFileReference section */
		02D8CA1016FFCF5E00402CE9 /* recipe-1.9.app */ = {isa = PBXFileReference; explicitFileType = wrapper.application; includeInIndex = 0; path = "recipe-1.9.app"; sourceTree = BUILT_PRODUCTS_DIR; };
		02D8CA1316FFCF5E00402CE9 /* UIKit.framework */ = {isa = PBXFileReference; lastKnownFileType = wrapper.framework; name = UIKit.framework; path = System/Library/Frameworks/UIKit.framework; sourceTree = SDKROOT; };
		02D8CA1516FFCF5E00402CE9 /* Foundation.framework */ = {isa = PBXFileReference; lastKnownFileType = wrapper.framework; name = Foundation.framework; path = System/Library/Frameworks/Foundation.framework; sourceTree = SDKROOT; };
		02D8CA1716FFCF5E00402CE9 /* CoreGraphics.framework */ = {isa = PBXFileReference; lastKnownFileType = wrapper.framework; name = CoreGraphics.framework; path = System/Library/Frameworks/CoreGraphics.framework; sourceTree = SDKROOT; };
		02D8CA1B16FFCF5E00402CE9 /* recipe-1.9-Info.plist */ = {isa = PBXFileReference; lastKnownFileType = text.plist.xml; path = "recipe-1.9-Info.plist"; sourceTree = "<group>"; };
		02D8CA1D16FFCF5E00402CE9 /* en */ = {isa = PBXFileReference; lastKnownFileType = text.plist.strings; name = en; path = en.lproj/InfoPlist.strings; sourceTree = "<group>"; };
		02D8CA1F16FFCF5E00402CE9 /* main.m */ = {isa = PBXFileReference; lastKnownFileType = sourcecode.c.objc; path = main.m; sourceTree = "<group>"; };
		02D8CA2116FFCF5E00402CE9 /* recipe-1.9-Prefix.pch */ = {isa = PBXFileReference; lastKnownFileType = sourcecode.c.h; path = "recipe-1.9-Prefix.pch"; sourceTree = "<group>"; };
		02D8CA2216FFCF5E00402CE9 /* testTableViewControllerAppDelegate.h */ = {isa = PBXFileReference; lastKnownFileType = sourcecode.c.h; path = testTableViewControllerAppDelegate.h; sourceTree = "<group>"; };
		02D8CA2316FFCF5E00402CE9 /* testTableViewControllerAppDelegate.m */ = {isa = PBXFileReference; lastKnownFileType = sourcecode.c.objc; path = testTableViewControllerAppDelegate.m; sourceTree = "<group>"; };
		02D8CA2516FFCF5E00402CE9 /* Default.png */ = {isa = PBXFileReference; lastKnownFileType = image.png; path = Default.png; sourceTree = "<group>"; };
		02D8CA2716FFCF5E00402CE9 /* Default@2x.png */ = {isa = PBXFileReference; lastKnownFileType = image.png; path = "Default@2x.png"; sourceTree = "<group>"; };
		02D8CA2916FFCF5E00402CE9 /* Default-568h@2x.png */ = {isa = PBXFileReference; lastKnownFileType = image.png; path = "Default-568h@2x.png"; sourceTree = "<group>"; };
		02D8CA2C16FFCF5E00402CE9 /* en */ = {isa = PBXFileReference; lastKnownFileType = file.storyboard; name = en; path = en.lproj/MainStoryboard.storyboard; sourceTree = "<group>"; };
		02D8CA2E16FFCF5E00402CE9 /* testTableViewControllerViewController.h */ = {isa = PBXFileReference; lastKnownFileType = sourcecode.c.h; path = testTableViewControllerViewController.h; sourceTree = "<group>"; };
		02D8CA2F16FFCF5E00402CE9 /* testTableViewControllerViewController.m */ = {isa = PBXFileReference; lastKnownFileType = sourcecode.c.objc; path = testTableViewControllerViewController.m; sourceTree = "<group>"; };
/* End PBXFileReference section */

/* Begin PBXFrameworksBuildPhase section */
		02D8CA0D16FFCF5E00402CE9 /* Frameworks */ = {
			isa = PBXFrameworksBuildPhase;
			buildActionMask = 2147483647;
			files = (
				02D8CA1416FFCF5E00402CE9 /* UIKit.framework in Frameworks */,
				02D8CA1616FFCF5E00402CE9 /* Foundation.framework in Frameworks */,
				02D8CA1816FFCF5E00402CE9 /* CoreGraphics.framework in Frameworks */,
			);
			runOnlyForDeploymentPostprocessing = 0;
		};
/* End PBXFrameworksBuildPhase section */

/* Begin PBXGroup section */
		02D8CA0716FFCF5E00402CE9 = {
			isa = PBXGroup;
			children = (
				02D8CA1916FFCF5E00402CE9 /* recipe-1.9 */,
				02D8CA1216FFCF5E00402CE9 /* Frameworks */,
				02D8CA1116FFCF5E00402CE9 /* Products */,
			);
			sourceTree = "<group>";
		};
		02D8CA1116FFCF5E00402CE9 /* Products */ = {
			isa = PBXGroup;
			children = (
				02D8CA1016FFCF5E00402CE9 /* recipe-1.9.app */,
			);
			name = Products;
			sourceTree = "<group>";
		};
		02D8CA1216FFCF5E00402CE9 /* Frameworks */ = {
			isa = PBXGroup;
			children = (
				02D8CA1316FFCF5E00402CE9 /* UIKit.framework */,
				02D8CA1516FFCF5E00402CE9 /* Foundation.framework */,
				02D8CA1716FFCF5E00402CE9 /* CoreGraphics.framework */,
			);
			name = Frameworks;
			sourceTree = "<group>";
		};
		02D8CA1916FFCF5E00402CE9 /* recipe-1.9 */ = {
			isa = PBXGroup;
			children = (
				02D8CA2216FFCF5E00402CE9 /* testTableViewControllerAppDelegate.h */,
				02D8CA2316FFCF5E00402CE9 /* testTableViewControllerAppDelegate.m */,
				02D8CA2B16FFCF5E00402CE9 /* MainStoryboard.storyboard */,
				02D8CA2E16FFCF5E00402CE9 /* testTableViewControllerViewController.h */,
				02D8CA2F16FFCF5E00402CE9 /* testTableViewControllerViewController.m */,
				02D8CA1A16FFCF5E00402CE9 /* Supporting Files */,
			);
			path = "recipe-1.9";
			sourceTree = "<group>";
		};
		02D8CA1A16FFCF5E00402CE9 /* Supporting Files */ = {
			isa = PBXGroup;
			children = (
				02D8CA1B16FFCF5E00402CE9 /* recipe-1.9-Info.plist */,
				02D8CA1C16FFCF5E00402CE9 /* InfoPlist.strings */,
				02D8CA1F16FFCF5E00402CE9 /* main.m */,
				02D8CA2116FFCF5E00402CE9 /* recipe-1.9-Prefix.pch */,
				02D8CA2516FFCF5E00402CE9 /* Default.png */,
				02D8CA2716FFCF5E00402CE9 /* Default@2x.png */,
				02D8CA2916FFCF5E00402CE9 /* Default-568h@2x.png */,
			);
			name = "Supporting Files";
			sourceTree = "<group>";
		};
/* End PBXGroup section */

/* Begin PBXNativeTarget section */
		02D8CA0F16FFCF5E00402CE9 /* recipe-1.9 */ = {
			isa = PBXNativeTarget;
			buildConfigurationList = 02D8CA3316FFCF5E00402CE9 /* Build configuration list for PBXNativeTarget "recipe-1.9" */;
			buildPhases = (
				02D8CA0C16FFCF5E00402CE9 /* Sources */,
				02D8CA0D16FFCF5E00402CE9 /* Frameworks */,
				02D8CA0E16FFCF5E00402CE9 /* Resources */,
			);
			buildRules = (
			);
			dependencies = (
			);
			name = "recipe-1.9";
			productName = "recipe-1.9";
			productReference = 02D8CA1016FFCF5E00402CE9 /* recipe-1.9.app */;
			productType = "com.apple.product-type.application";
		};
/* End PBXNativeTarget section */

/* Begin PBXProject section */
		02D8CA0816FFCF5E00402CE9 /* Project object */ = {
			isa = PBXProject;
			attributes = {
				CLASSPREFIX = testTableViewController;
				LastUpgradeCheck = 0460;
				ORGANIZATIONNAME = "Mapps Lab";
			};
			buildConfigurationList = 02D8CA0B16FFCF5E00402CE9 /* Build configuration list for PBXProject "recipe-1.9" */;
			compatibilityVersion = "Xcode 3.2";
			developmentRegion = English;
			hasScannedForEncodings = 0;
			knownRegions = (
				en,
			);
			mainGroup = 02D8CA0716FFCF5E00402CE9;
			productRefGroup = 02D8CA1116FFCF5E00402CE9 /* Products */;
			projectDirPath = "";
			projectRoot = "";
			targets = (
				02D8CA0F16FFCF5E00402CE9 /* recipe-1.9 */,
			);
		};
/* End PBXProject section */

/* Begin PBXResourcesBuildPhase section */
		02D8CA0E16FFCF5E00402CE9 /* Resources */ = {
			isa = PBXResourcesBuildPhase;
			buildActionMask = 2147483647;
			files = (
				02D8CA1E16FFCF5E00402CE9 /* InfoPlist.strings in Resources */,
				02D8CA2616FFCF5E00402CE9 /* Default.png in Resources */,
				02D8CA2816FFCF5E00402CE9 /* Default@2x.png in Resources */,
				02D8CA2A16FFCF5E00402CE9 /* Default-568h@2x.png in Resources */,
				02D8CA2D16FFCF5E00402CE9 /* MainStoryboard.storyboard in Resources */,
			);
			runOnlyForDeploymentPostprocessing = 0;
		};
/* End PBXResourcesBuildPhase section */

/* Begin PBXSourcesBuildPhase section */
		02D8CA0C16FFCF5E00402CE9 /* Sources */ = {
			isa = PBXSourcesBuildPhase;
			buildActionMask = 2147483647;
			files = (
				02D8CA2016FFCF5E00402CE9 /* main.m in Sources */,
				02D8CA2416FFCF5E00402CE9 /* testTableViewControllerAppDelegate.m in Sources */,
				02D8CA3016FFCF5E00402CE9 /* testTableViewControllerViewController.m in Sources */,
			);
			runOnlyForDeploymentPostprocessing = 0;
		};
/* End PBXSourcesBuildPhase section */

/* Begin PBXVariantGroup section */
		02D8CA1C16FFCF5E00402CE9 /* InfoPlist.strings */ = {
			isa = PBXVariantGroup;
			children = (
				02D8CA1D16FFCF5E00402CE9 /* en */,
			);
			name = InfoPlist.strings;
			sourceTree = "<group>";
		};
		02D8CA2B16FFCF5E00402CE9 /* MainStoryboard.storyboard */ = {
			isa = PBXVariantGroup;
			children = (
				02D8CA2C16FFCF5E00402CE9 /* en */,
			);
			name = MainStoryboard.storyboard;
			sourceTree = "<group>";
		};
/* End PBXVariantGroup section */

/* Begin XCBuildConfiguration section */
		02D8CA3116FFCF5E00402CE9 /* Debug */ = {
			isa = XCBuildConfiguration;
			buildSettings = {
				ALWAYS_SEARCH_USER_PATHS = NO;
				CLANG_CXX_LANGUAGE_STANDARD = "gnu++0x";
				CLANG_CXX_LIBRARY = "libc++";
				CLANG_ENABLE_OBJC_ARC = YES;
				CLANG_WARN_CONSTANT_CONVERSION = YES;
				CLANG_WARN_EMPTY_BODY = YES;
				CLANG_WARN_ENUM_CONVERSION = YES;
				CLANG_WARN_INT_CONVERSION = YES;
				CLANG_WARN__DUPLICATE_METHOD_MATCH = YES;
				"CODE_SIGN_IDENTITY[sdk=iphoneos*]" = "iPhone Developer";
				COPY_PHASE_STRIP = NO;
				GCC_C_LANGUAGE_STANDARD = gnu99;
				GCC_DYNAMIC_NO_PIC = NO;
				GCC_OPTIMIZATION_LEVEL = 0;
				GCC_PREPROCESSOR_DEFINITIONS = (
					"DEBUG=1",
					"$(inherited)",
				);
				GCC_SYMBOLS_PRIVATE_EXTERN = NO;
				GCC_WARN_ABOUT_RETURN_TYPE = YES;
				GCC_WARN_UNINITIALIZED_AUTOS = YES;
				GCC_WARN_UNUSED_VARIABLE = YES;
				IPHONEOS_DEPLOYMENT_TARGET = 6.1;
				ONLY_ACTIVE_ARCH = YES;
				SDKROOT = iphoneos;
			};
			name = Debug;
		};
		02D8CA3216FFCF5E00402CE9 /* Release */ = {
			isa = XCBuildConfiguration;
			buildSettings = {
				ALWAYS_SEARCH_USER_PATHS = NO;
				CLANG_CXX_LANGUAGE_STANDARD = "gnu++0x";
				CLANG_CXX_LIBRARY = "libc++";
				CLANG_ENABLE_OBJC_ARC = YES;
				CLANG_WARN_CONSTANT_CONVERSION = YES;
				CLANG_WARN_EMPTY_BODY = YES;
				CLANG_WARN_ENUM_CONVERSION = YES;
				CLANG_WARN_INT_CONVERSION = YES;
				CLANG_WARN__DUPLICATE_METHOD_MATCH = YES;
				"CODE_SIGN_IDENTITY[sdk=iphoneos*]" = "iPhone Developer";
				COPY_PHASE_STRIP = YES;
				GCC_C_LANGUAGE_STANDARD = gnu99;
				GCC_WARN_ABOUT_RETURN_TYPE = YES;
				GCC_WARN_UNINITIALIZED_AUTOS = YES;
				GCC_WARN_UNUSED_VARIABLE = YES;
				IPHONEOS_DEPLOYMENT_TARGET = 6.1;
				OTHER_CFLAGS = "-DNS_BLOCK_ASSERTIONS=1";
				SDKROOT = iphoneos;
				VALIDATE_PRODUCT = YES;
			};
			name = Release;
		};
		02D8CA3416FFCF5E00402CE9 /* Debug */ = {
			isa = XCBuildConfiguration;
			buildSettings = {
				GCC_PRECOMPILE_PREFIX_HEADER = YES;
				GCC_PREFIX_HEADER = "recipe-1.9/recipe-1.9-Prefix.pch";
				INFOPLIST_FILE = "recipe-1.9/recipe-1.9-Info.plist";
				PRODUCT_NAME = "$(TARGET_NAME)";
				WRAPPER_EXTENSION = app;
			};
			name = Debug;
		};
		02D8CA3516FFCF5E00402CE9 /* Release */ = {
			isa = XCBuildConfiguration;
			buildSettings = {
				GCC_PRECOMPILE_PREFIX_HEADER = YES;
				GCC_PREFIX_HEADER = "recipe-1.9/recipe-1.9-Prefix.pch";
				INFOPLIST_FILE = "recipe-1.9/recipe-1.9-Info.plist";
				PRODUCT_NAME = "$(TARGET_NAME)";
				WRAPPER_EXTENSION = app;
			};
			name = Release;
		};
/* End XCBuildConfiguration section */

/* Begin XCConfigurationList section */
		02D8CA0B16FFCF5E00402CE9 /* Build configuration list for PBXProject "recipe-1.9" */ = {
			isa = XCConfigurationList;
			buildConfigurations = (
				02D8CA3116FFCF5E00402CE9 /* Debug */,
				02D8CA3216FFCF5E00402CE9 /* Release */,
			);
			defaultConfigurationIsVisible = 0;
			defaultConfigurationName = Release;
		};
		02D8CA3316FFCF5E00402CE9 /* Build configuration list for PBXNativeTarget "recipe-1.9" */ = {
			isa = XCConfigurationList;
			buildConfigurations = (
				02D8CA3416FFCF5E00402CE9 /* Debug */,
				02D8CA3516FFCF5E00402CE9 /* Release */,
			);
			defaultConfigurationIsVisible = 0;
		};
/* End XCConfigurationList section */
	};
	rootObject = 02D8CA0816FFCF5E00402CE9 /* Project object */;
}
